{
  "name": "cityquest",
  "version": "0.1.0",
  "lockfileVersion": 3,
  "requires": true,
  "packages": {
    "": {
      "name": "cityquest",
      "version": "0.1.0",
      "workspaces": [
        "apps/*",
        "packages/*",
        "packages/contexts/*"
      ],
      "devDependencies": {
        "typescript": "^5.8.3"
      },
      "engines": {
        "node": ">=22 <23",
        "npm": ">=10 <11"
      }
    },
    "apps/admin": {
      "name": "@cityquest/admin",
      "version": "0.1.0"
    },
    "apps/api": {
      "name": "@cityquest/api",
      "version": "0.1.0"
    },
    "apps/mobile": {
      "name": "@cityquest/mobile",
      "version": "0.1.0"
    },
    "node_modules/@cityquest/admin": {
      "resolved": "apps/admin",
      "link": true
    },
    "node_modules/@cityquest/analytics": {
      "resolved": "packages/contexts/analytics",
      "link": true
    },
    "node_modules/@cityquest/api": {
      "resolved": "apps/api",
      "link": true
    },
    "node_modules/@cityquest/authoring": {
      "resolved": "packages/contexts/authoring",
      "link": true
    },
    "node_modules/@cityquest/config": {
      "resolved": "packages/config",
      "link": true
    },
    "node_modules/@cityquest/content": {
      "resolved": "packages/contexts/content",
      "link": true
    },
    "node_modules/@cityquest/contracts": {
      "resolved": "packages/contracts",
      "link": true
    },
    "node_modules/@cityquest/exploration": {
      "resolved": "packages/contexts/exploration",
      "link": true
    },
    "node_modules/@cityquest/identity": {
      "resolved": "packages/contexts/identity",
      "link": true
    },
    "node_modules/@cityquest/mobile": {
      "resolved": "apps/mobile",
      "link": true
    },
    "node_modules/@cityquest/shared-kernel": {
      "resolved": "packages/shared-kernel",
      "link": true
    },
    "node_modules/@cityquest/validation": {
      "resolved": "packages/contexts/validation",
      "link": true
    },
    "node_modules/typescript": {
      "version": "5.9.3",
      "resolved": "https://registry.npmjs.org/typescript/-/typescript-5.9.3.tgz",
      "integrity": "sha512-jl1vZzPDinLr9eUt3J/t7V6FgNEw9QjvBPdysz9KfQDD41fQrC2Y4vKQdiaUpFT4bXlb1RHhLpp8wtm6M5TgSw==",
      "dev": true,
      "license": "Apache-2.0",
      "bin": {
        "tsc": "bin/tsc",
        "tsserver": "bin/tsserver"
      },
      "engines": {
        "node": ">=14.17"
      }
    },
    "packages/config": {
      "name": "@cityquest/config",
      "version": "0.1.0"
    },
    "packages/contexts/analytics": {
      "name": "@cityquest/analytics",
      "version": "0.1.0"
    },
    "packages/contexts/authoring": {
      "name": "@cityquest/authoring",
      "version": "0.1.0"
    },
    "packages/contexts/content": {
      "name": "@cityquest/content",
      "version": "0.1.0"
    },
    "packages/contexts/exploration": {
      "name": "@cityquest/exploration",
      "version": "0.1.0"
    },
    "packages/contexts/identity": {
      "name": "@cityquest/identity",
      "version": "0.1.0"
    },
    "packages/contexts/validation": {
      "name": "@cityquest/validation",
      "version": "0.1.0"
    },
    "packages/contracts": {
      "name": "@cityquest/contracts",
      "version": "0.1.0"
    },
    "packages/shared-kernel": {
      "name": "@cityquest/shared-kernel",
      "version": "0.1.0"
    }
  }
}
